// !$*UTF8*$!
{
	archiveVersion = 1;
	classes = {
	};
	objectVersion = 50;
	objects = {

/* Begin PBXBuildFile section */
		23DE538D224AC2E100250334 /* AppDelegate.swift in Sources */ = {isa = PBXBuildFile; fileRef = 23DE538C224AC2E100250334 /* AppDelegate.swift */; };
		23DE538F224AC2E100250334 /* ViewController.swift in Sources */ = {isa = PBXBuildFile; fileRef = 23DE538E224AC2E100250334 /* ViewController.swift */; };
		23DE5392224AC2E100250334 /* Main.storyboard in Resources */ = {isa = PBXBuildFile; fileRef = 23DE5390224AC2E100250334 /* Main.storyboard */; };
		23DE5397224AC2E200250334 /* Assets.xcassets in Resources */ = {isa = PBXBuildFile; fileRef = 23DE5396224AC2E200250334 /* Assets.xcassets */; };
		23DE539A224AC2E200250334 /* LaunchScreen.storyboard in Resources */ = {isa = PBXBuildFile; fileRef = 23DE5398224AC2E200250334 /* LaunchScreen.storyboard */; };
		23DE53A5224AC2E200250334 /* Lab1Tests.swift in Sources */ = {isa = PBXBuildFile; fileRef = 23DE53A4224AC2E200250334 /* Lab1Tests.swift */; };
		23DE53B0224AC2E200250334 /* Lab1UITests.swift in Sources */ = {isa = PBXBuildFile; fileRef = 23DE53AF224AC2E200250334 /* Lab1UITests.swift */; };
/* End PBXBuildFile section */

/* Begin PBXContainerItemProxy section */
		23DE53A1224AC2E200250334 /* PBXContainerItemProxy */ = {
			isa = PBXContainerItemProxy;
			containerPortal = 23DE5381224AC2E100250334 /* Project object */;
			proxyType = 1;
			remoteGlobalIDString = 23DE5388224AC2E100250334;
			remoteInfo = Lab1;
		};
		23DE53AC224AC2E200250334 /* PBXContainerItemProxy */ = {
			isa = PBXContainerItemProxy;
			containerPortal = 23DE5381224AC2E100250334 /* Project object */;
			proxyType = 1;
			remoteGlobalIDString = 23DE5388224AC2E100250334;
			remoteInfo = Lab1;
		};
/* End PBXContainerItemProxy section */

/* Begin PBXFileReference section */
		23DE5389224AC2E100250334 /* Lab1.app */ = {isa = PBXFileReference; explicitFileType = wrapper.application; includeInIndex = 0; path = Lab1.app; sourceTree = BUILT_PRODUCTS_DIR; };
		23DE538C224AC2E100250334 /* AppDelegate.swift */ = {isa = PBXFileReference; lastKnownFileType = sourcecode.swift; path = AppDelegate.swift; sourceTree = "<group>"; };
		23DE538E224AC2E100250334 /* ViewController.swift */ = {isa = PBXFileReference; lastKnownFileType = sourcecode.swift; path = ViewController.swift; sourceTree = "<group>"; };
		23DE5391224AC2E100250334 /* Base */ = {isa = PBXFileReference; lastKnownFileType = file.storyboard; name = Base; path = Base.lproj/Main.storyboard; sourceTree = "<group>"; };
		23DE5396224AC2E200250334 /* Assets.xcassets */ = {isa = PBXFileReference; lastKnownFileType = folder.assetcatalog; path = Assets.xcassets; sourceTree = "<group>"; };
		23DE5399224AC2E200250334 /* Base */ = {isa = PBXFileReference; lastKnownFileType = file.storyboard; name = Base; path = Base.lproj/LaunchScreen.storyboard; sourceTree = "<group>"; };
		23DE539B224AC2E200250334 /* Info.plist */ = {isa = PBXFileReference; lastKnownFileType = text.plist.xml; path = Info.plist; sourceTree = "<group>"; };
		23DE53A0224AC2E200250334 /* Lab1Tests.xctest */ = {isa = PBXFileReference; explicitFileType = wrapper.cfbundle; includeInIndex = 0; path = Lab1Tests.xctest; sourceTree = BUILT_PRODUCTS_DIR; };
		23DE53A4224AC2E200250334 /* Lab1Tests.swift */ = {isa = PBXFileReference; lastKnownFileType = sourcecode.swift; path = Lab1Tests.swift; sourceTree = "<group>"; };
		23DE53A6224AC2E200250334 /* Info.plist */ = {isa = PBXFileReference; lastKnownFileType = text.plist.xml; path = Info.plist; sourceTree = "<group>"; };
		23DE53AB224AC2E200250334 /* Lab1UITests.xctest */ = {isa = PBXFileReference; explicitFileType = wrapper.cfbundle; includeInIndex = 0; path = Lab1UITests.xctest; sourceTree = BUILT_PRODUCTS_DIR; };
		23DE53AF224AC2E200250334 /* Lab1UITests.swift */ = {isa = PBXFileReference; lastKnownFileType = sourcecode.swift; path = Lab1UITests.swift; sourceTree = "<group>"; };
		23DE53B1224AC2E200250334 /* Info.plist */ = {isa = PBXFileReference; lastKnownFileType = text.plist.xml; path = Info.plist; sourceTree = "<group>"; };
/* End PBXFileReference section */

/* Begin PBXFrameworksBuildPhase section */
		23DE5386224AC2E100250334 /* Frameworks */ = {
			isa = PBXFrameworksBuildPhase;
			buildActionMask = 2147483647;
			files = (
			);
			runOnlyForDeploymentPostprocessing = 0;
		};
		23DE539D224AC2E200250334 /* Frameworks */ = {
			isa = PBXFrameworksBuildPhase;
			buildActionMask = 2147483647;
			files = (
			);
			runOnlyForDeploymentPostprocessing = 0;
		};
		23DE53A8224AC2E200250334 /* Frameworks */ = {
			isa = PBXFrameworksBuildPhase;
			buildActionMask = 2147483647;
			files = (
			);
			runOnlyForDeploymentPostprocessing = 0;
		};
/* End PBXFrameworksBuildPhase section */

/* Begin PBXGroup section */
		23DE5380224AC2E100250334 = {
			isa = PBXGroup;
			children = (
				23DE538B224AC2E100250334 /* Lab1 */,
				23DE53A3224AC2E200250334 /* Lab1Tests */,
				23DE53AE224AC2E200250334 /* Lab1UITests */,
				23DE538A224AC2E100250334 /* Products */,
			);
			sourceTree = "<group>";
		};
		23DE538A224AC2E100250334 /* Products */ = {
			isa = PBXGroup;
			children = (
				23DE5389224AC2E100250334 /* Lab1.app */,
				23DE53A0224AC2E200250334 /* Lab1Tests.xctest */,
				23DE53AB224AC2E200250334 /* Lab1UITests.xctest */,
			);
			name = Products;
			sourceTree = "<group>";
		};
		23DE538B224AC2E100250334 /* Lab1 */ = {
			isa = PBXGroup;
			children = (
				23DE538C224AC2E100250334 /* AppDelegate.swift */,
				23DE538E224AC2E100250334 /* ViewController.swift */,
				23DE5390224AC2E100250334 /* Main.storyboard */,
				23DE5396224AC2E200250334 /* Assets.xcassets */,
				23DE5398224AC2E200250334 /* LaunchScreen.storyboard */,
				23DE539B224AC2E200250334 /* Info.plist */,
			);
			path = Lab1;
			sourceTree = "<group>";
		};
		23DE53A3224AC2E200250334 /* Lab1Tests */ = {
			isa = PBXGroup;
			children = (
				23DE53A4224AC2E200250334 /* Lab1Tests.swift */,
				23DE53A6224AC2E200250334 /* Info.plist */,
			);
			path = Lab1Tests;
			sourceTree = "<group>";
		};
		23DE53AE224AC2E200250334 /* Lab1UITests */ = {
			isa = PBXGroup;
			children = (
				23DE53AF224AC2E200250334 /* Lab1UITests.swift */,
				23DE53B1224AC2E200250334 /* Info.plist */,
			);
			path = Lab1UITests;
			sourceTree = "<group>";
		};
/* End PBXGroup section */

/* Begin PBXNativeTarget section */
		23DE5388224AC2E100250334 /* Lab1 */ = {
			isa = PBXNativeTarget;
			buildConfigurationList = 23DE53B4224AC2E300250334 /* Build configuration list for PBXNativeTarget "Lab1" */;
			buildPhases = (
				23DE5385224AC2E100250334 /* Sources */,
				23DE5386224AC2E100250334 /* Frameworks */,
				23DE5387224AC2E100250334 /* Resources */,
			);
			buildRules = (
			);
			dependencies = (
			);
			name = Lab1;
			productName = Lab1;
			productReference = 23DE5389224AC2E100250334 /* Lab1.app */;
			productType = "com.apple.product-type.application";
		};
		23DE539F224AC2E200250334 /* Lab1Tests */ = {
			isa = PBXNativeTarget;
			buildConfigurationList = 23DE53B7224AC2E300250334 /* Build configuration list for PBXNativeTarget "Lab1Tests" */;
			buildPhases = (
				23DE539C224AC2E200250334 /* Sources */,
				23DE539D224AC2E200250334 /* Frameworks */,
				23DE539E224AC2E200250334 /* Resources */,
			);
			buildRules = (
			);
			dependencies = (
				23DE53A2224AC2E200250334 /* PBXTargetDependency */,
			);
			name = Lab1Tests;
			productName = Lab1Tests;
			productReference = 23DE53A0224AC2E200250334 /* Lab1Tests.xctest */;
			productType = "com.apple.product-type.bundle.unit-test";
		};
		23DE53AA224AC2E200250334 /* Lab1UITests */ = {
			isa = PBXNativeTarget;
			buildConfigurationList = 23DE53BA224AC2E300250334 /* Build configuration list for PBXNativeTarget "Lab1UITests" */;
			buildPhases = (
				23DE53A7224AC2E200250334 /* Sources */,
				23DE53A8224AC2E200250334 /* Frameworks */,
				23DE53A9224AC2E200250334 /* Resources */,
			);
			buildRules = (
			);
			dependencies = (
				23DE53AD224AC2E200250334 /* PBXTargetDependency */,
			);
			name = Lab1UITests;
			productName = Lab1UITests;
			productReference = 23DE53AB224AC2E200250334 /* Lab1UITests.xctest */;
			productType = "com.apple.product-type.bundle.ui-testing";
		};
/* End PBXNativeTarget section */

/* Begin PBXProject section */
		23DE5381224AC2E100250334 /* Project object */ = {
			isa = PBXProject;
			attributes = {
				LastSwiftUpdateCheck = 1010;
				LastUpgradeCheck = 1010;
				ORGANIZATIONNAME = KhrystynaNestor;
				TargetAttributes = {
					23DE5388224AC2E100250334 = {
						CreatedOnToolsVersion = 10.1;
					};
					23DE539F224AC2E200250334 = {
						CreatedOnToolsVersion = 10.1;
						TestTargetID = 23DE5388224AC2E100250334;
					};
					23DE53AA224AC2E200250334 = {
						CreatedOnToolsVersion = 10.1;
						TestTargetID = 23DE5388224AC2E100250334;
					};
				};
			};
			buildConfigurationList = 23DE5384224AC2E100250334 /* Build configuration list for PBXProject "Lab1" */;
			compatibilityVersion = "Xcode 9.3";
			developmentRegion = en;
			hasScannedForEncodings = 0;
			knownRegions = (
				en,
				Base,
			);
			mainGroup = 23DE5380224AC2E100250334;
			productRefGroup = 23DE538A224AC2E100250334 /* Products */;
			projectDirPath = "";
			projectRoot = "";
			targets = (
				23DE5388224AC2E100250334 /* Lab1 */,
				23DE539F224AC2E200250334 /* Lab1Tests */,
				23DE53AA224AC2E200250334 /* Lab1UITests */,
			);
		};
/* End PBXProject section */

/* Begin PBXResourcesBuildPhase section */
		23DE5387224AC2E100250334 /* Resources */ = {
			isa = PBXResourcesBuildPhase;
			buildActionMask = 2147483647;
			files = (
				23DE539A224AC2E200250334 /* LaunchScreen.storyboard in Resources */,
				23DE5397224AC2E200250334 /* Assets.xcassets in Resources */,
				23DE5392224AC2E100250334 /* Main.storyboard in Resources */,
			);
			runOnlyForDeploymentPostprocessing = 0;
		};
		23DE539E224AC2E200250334 /* Resources */ = {
			isa = PBXResourcesBuildPhase;
			buildActionMask = 2147483647;
			files = (
			);
			runOnlyForDeploymentPostprocessing = 0;
		};
		23DE53A9224AC2E200250334 /* Resources */ = {
			isa = PBXResourcesBuildPhase;
			buildActionMask = 2147483647;
			files = (
			);
			runOnlyForDeploymentPostprocessing = 0;
		};
/* End PBXResourcesBuildPhase section */

/* Begin PBXSourcesBuildPhase section */
		23DE5385224AC2E100250334 /* Sources */ = {
			isa = PBXSourcesBuildPhase;
			buildActionMask = 2147483647;
			files = (
				23DE538F224AC2E100250334 /* ViewController.swift in Sources */,
				23DE538D224AC2E100250334 /* AppDelegate.swift in Sources */,
			);
			runOnlyForDeploymentPostprocessing = 0;
		};
		23DE539C224AC2E200250334 /* Sources */ = {
			isa = PBXSourcesBuildPhase;
			buildActionMask = 2147483647;
			files = (
				23DE53A5224AC2E200250334 /* Lab1Tests.swift in Sources */,
			);
			runOnlyForDeploymentPostprocessing = 0;
		};
		23DE53A7224AC2E200250334 /* Sources */ = {
			isa = PBXSourcesBuildPhase;
			buildActionMask = 2147483647;
			files = (
				23DE53B0224AC2E200250334 /* Lab1UITests.swift in Sources */,
			);
			runOnlyForDeploymentPostprocessing = 0;
		};
/* End PBXSourcesBuildPhase section */

/* Begin PBXTargetDependency section */
		23DE53A2224AC2E200250334 /* PBXTargetDependency */ = {
			isa = PBXTargetDependency;
			target = 23DE5388224AC2E100250334 /* Lab1 */;
			targetProxy = 23DE53A1224AC2E200250334 /* PBXContainerItemProxy */;
		};
		23DE53AD224AC2E200250334 /* PBXTargetDependency */ = {
			isa = PBXTargetDependency;
			target = 23DE5388224AC2E100250334 /* Lab1 */;
			targetProxy = 23DE53AC224AC2E200250334 /* PBXContainerItemProxy */;
		};
/* End PBXTargetDependency section */

/* Begin PBXVariantGroup section */
		23DE5390224AC2E100250334 /* Main.storyboard */ = {
			isa = PBXVariantGroup;
			children = (
				23DE5391224AC2E100250334 /* Base */,
			);
			name = Main.storyboard;
			sourceTree = "<group>";
		};
		23DE5398224AC2E200250334 /* LaunchScreen.storyboard */ = {
			isa = PBXVariantGroup;
			children = (
				23DE5399224AC2E200250334 /* Base */,
			);
			name = LaunchScreen.storyboard;
			sourceTree = "<group>";
		};
/* End PBXVariantGroup section */

/* Begin XCBuildConfiguration section */
		23DE53B2224AC2E200250334 /* Debug */ = {
			isa = XCBuildConfiguration;
			buildSettings = {
				ALWAYS_SEARCH_USER_PATHS = NO;
				CLANG_ANALYZER_NONNULL = YES;
				CLANG_ANALYZER_NUMBER_OBJECT_CONVERSION = YES_AGGRESSIVE;
				CLANG_CXX_LANGUAGE_STANDARD = "gnu++14";
				CLANG_CXX_LIBRARY = "libc++";
				CLANG_ENABLE_MODULES = YES;
				CLANG_ENABLE_OBJC_ARC = YES;
				CLANG_ENABLE_OBJC_WEAK = YES;
				CLANG_WARN_BLOCK_CAPTURE_AUTORELEASING = YES;
				CLANG_WARN_BOOL_CONVERSION = YES;
				CLANG_WARN_COMMA = YES;
				CLANG_WARN_CONSTANT_CONVERSION = YES;
				CLANG_WARN_DEPRECATED_OBJC_IMPLEMENTATIONS = YES;
				CLANG_WARN_DIRECT_OBJC_ISA_USAGE = YES_ERROR;
				CLANG_WARN_DOCUMENTATION_COMMENTS = YES;
				CLANG_WARN_EMPTY_BODY = YES;
				CLANG_WARN_ENUM_CONVERSION = YES;
				CLANG_WARN_INFINITE_RECURSION = YES;
				CLANG_WARN_INT_CONVERSION = YES;
				CLANG_WARN_NON_LITERAL_NULL_CONVERSION = YES;
				CLANG_WARN_OBJC_IMPLICIT_RETAIN_SELF = YES;
				CLANG_WARN_OBJC_LITERAL_CONVERSION = YES;
				CLANG_WARN_OBJC_ROOT_CLASS = YES_ERROR;
				CLANG_WARN_RANGE_LOOP_ANALYSIS = YES;
				CLANG_WARN_STRICT_PROTOTYPES = YES;
				CLANG_WARN_SUSPICIOUS_MOVE = YES;
				CLANG_WARN_UNGUARDED_AVAILABILITY = YES_AGGRESSIVE;
				CLANG_WARN_UNREACHABLE_CODE = YES;
				CLANG_WARN__DUPLICATE_METHOD_MATCH = YES;
				CODE_SIGN_IDENTITY = "iPhone Developer";
				COPY_PHASE_STRIP = NO;
				DEBUG_INFORMATION_FORMAT = dwarf;
				ENABLE_STRICT_OBJC_MSGSEND = YES;
				ENABLE_TESTABILITY = YES;
				GCC_C_LANGUAGE_STANDARD = gnu11;
				GCC_DYNAMIC_NO_PIC = NO;
				GCC_NO_COMMON_BLOCKS = YES;
				GCC_OPTIMIZATION_LEVEL = 0;
				GCC_PREPROCESSOR_DEFINITIONS = (
					"DEBUG=1",
					"$(inherited)",
				);
				GCC_WARN_64_TO_32_BIT_CONVERSION = YES;
				GCC_WARN_ABOUT_RETURN_TYPE = YES_ERROR;
				GCC_WARN_UNDECLARED_SELECTOR = YES;
				GCC_WARN_UNINITIALIZED_AUTOS = YES_AGGRESSIVE;
				GCC_WARN_UNUSED_FUNCTION = YES;
				GCC_WARN_UNUSED_VARIABLE = YES;
				IPHONEOS_DEPLOYMENT_TARGET = 12.1;
				MTL_ENABLE_DEBUG_INFO = INCLUDE_SOURCE;
				MTL_FAST_MATH = YES;
				ONLY_ACTIVE_ARCH = YES;
				SDKROOT = iphoneos;
				SWIFT_ACTIVE_COMPILATION_CONDITIONS = DEBUG;
				SWIFT_OPTIMIZATION_LEVEL = "-Onone";
			};
			name = Debug;
		};
		23DE53B3224AC2E200250334 /* Release */ = {
			isa = XCBuildConfiguration;
			buildSettings = {
				ALWAYS_SEARCH_USER_PATHS = NO;
				CLANG_ANALYZER_NONNULL = YES;
				CLANG_ANALYZER_NUMBER_OBJECT_CONVERSION = YES_AGGRESSIVE;
				CLANG_CXX_LANGUAGE_STANDARD = "gnu++14";
				CLANG_CXX_LIBRARY = "libc++";
				CLANG_ENABLE_MODULES = YES;
				CLANG_ENABLE_OBJC_ARC = YES;
				CLANG_ENABLE_OBJC_WEAK = YES;
				CLANG_WARN_BLOCK_CAPTURE_AUTORELEASING = YES;
				CLANG_WARN_BOOL_CONVERSION = YES;
				CLANG_WARN_COMMA = YES;
				CLANG_WARN_CONSTANT_CONVERSION = YES;
				CLANG_WARN_DEPRECATED_OBJC_IMPLEMENTATIONS = YES;
				CLANG_WARN_DIRECT_OBJC_ISA_USAGE = YES_ERROR;
				CLANG_WARN_DOCUMENTATION_COMMENTS = YES;
				CLANG_WARN_EMPTY_BODY = YES;
				CLANG_WARN_ENUM_CONVERSION = YES;
				CLANG_WARN_INFINITE_RECURSION = YES;
				CLANG_WARN_INT_CONVERSION = YES;
				CLANG_WARN_NON_LITERAL_NULL_CONVERSION = YES;
				CLANG_WARN_OBJC_IMPLICIT_RETAIN_SELF = YES;
				CLANG_WARN_OBJC_LITERAL_CONVERSION = YES;
				CLANG_WARN_OBJC_ROOT_CLASS = YES_ERROR;
				CLANG_WARN_RANGE_LOOP_ANALYSIS = YES;
				CLANG_WARN_STRICT_PROTOTYPES = YES;
				CLANG_WARN_SUSPICIOUS_MOVE = YES;
				CLANG_WARN_UNGUARDED_AVAILABILITY = YES_AGGRESSIVE;
				CLANG_WARN_UNREACHABLE_CODE = YES;
				CLANG_WARN__DUPLICATE_METHOD_MATCH = YES;
				CODE_SIGN_IDENTITY = "iPhone Developer";
				COPY_PHASE_STRIP = NO;
				DEBUG_INFORMATION_FORMAT = "dwarf-with-dsym";
				ENABLE_NS_ASSERTIONS = NO;
				ENABLE_STRICT_OBJC_MSGSEND = YES;
				GCC_C_LANGUAGE_STANDARD = gnu11;
				GCC_NO_COMMON_BLOCKS = YES;
				GCC_WARN_64_TO_32_BIT_CONVERSION = YES;
				GCC_WARN_ABOUT_RETURN_TYPE = YES_ERROR;
				GCC_WARN_UNDECLARED_SELECTOR = YES;
				GCC_WARN_UNINITIALIZED_AUTOS = YES_AGGRESSIVE;
				GCC_WARN_UNUSED_FUNCTION = YES;
				GCC_WARN_UNUSED_VARIABLE = YES;
				IPHONEOS_DEPLOYMENT_TARGET = 12.1;
				MTL_ENABLE_DEBUG_INFO = NO;
				MTL_FAST_MATH = YES;
				SDKROOT = iphoneos;
				SWIFT_COMPILATION_MODE = wholemodule;
				SWIFT_OPTIMIZATION_LEVEL = "-O";
				VALIDATE_PRODUCT = YES;
			};
			name = Release;
		};
		23DE53B5224AC2E300250334 /* Debug */ = {
			isa = XCBuildConfiguration;
			buildSettings = {
				ASSETCATALOG_COMPILER_APPICON_NAME = AppIcon;
				CODE_SIGN_STYLE = Automatic;
				INFOPLIST_FILE = Lab1/Info.plist;
				LD_RUNPATH_SEARCH_PATHS = (
					"$(inherited)",
					"@executable_path/Frameworks",
				);
				PRODUCT_BUNDLE_IDENTIFIER = com.KhrystynaNestor.Lab1;
				PRODUCT_NAME = "$(TARGET_NAME)";
				SWIFT_VERSION = 4.2;
				TARGETED_DEVICE_FAMILY = "1,2";
			};
			name = Debug;
		};
		23DE53B6224AC2E300250334 /* Release */ = {
			isa = XCBuildConfiguration;
			buildSettings = {
				ASSETCATALOG_COMPILER_APPICON_NAME = AppIcon;
				CODE_SIGN_STYLE = Automatic;
				INFOPLIST_FILE = Lab1/Info.plist;
				LD_RUNPATH_SEARCH_PATHS = (
					"$(inherited)",
					"@executable_path/Frameworks",
				);
				PRODUCT_BUNDLE_IDENTIFIER = com.KhrystynaNestor.Lab1;
				PRODUCT_NAME = "$(TARGET_NAME)";
				SWIFT_VERSION = 4.2;
				TARGETED_DEVICE_FAMILY = "1,2";
			};
			name = Release;
		};
		23DE53B8224AC2E300250334 /* Debug */ = {
			isa = XCBuildConfiguration;
			buildSettings = {
				ALWAYS_EMBED_SWIFT_STANDARD_LIBRARIES = YES;
				BUNDLE_LOADER = "$(TEST_HOST)";
				CODE_SIGN_STYLE = Automatic;
				INFOPLIST_FILE = Lab1Tests/Info.plist;
				LD_RUNPATH_SEARCH_PATHS = (
					"$(inherited)",
					"@executable_path/Frameworks",
					"@loader_path/Frameworks",
				);
				PRODUCT_BUNDLE_IDENTIFIER = com.KhrystynaNestor.Lab1Tests;
				PRODUCT_NAME = "$(TARGET_NAME)";
				SWIFT_VERSION = 4.2;
				TARGETED_DEVICE_FAMILY = "1,2";
				TEST_HOST = "$(BUILT_PRODUCTS_DIR)/Lab1.app/Lab1";
			};
			name = Debug;
		};
		23DE53B9224AC2E300250334 /* Release */ = {
			isa = XCBuildConfiguration;
			buildSettings = {
				ALWAYS_EMBED_SWIFT_STANDARD_LIBRARIES = YES;
				BUNDLE_LOADER = "$(TEST_HOST)";
				CODE_SIGN_STYLE = Automatic;
				INFOPLIST_FILE = Lab1Tests/Info.plist;
				LD_RUNPATH_SEARCH_PATHS = (
					"$(inherited)",
					"@executable_path/Frameworks",
					"@loader_path/Frameworks",
				);
				PRODUCT_BUNDLE_IDENTIFIER = com.KhrystynaNestor.Lab1Tests;
				PRODUCT_NAME = "$(TARGET_NAME)";
				SWIFT_VERSION = 4.2;
				TARGETED_DEVICE_FAMILY = "1,2";
				TEST_HOST = "$(BUILT_PRODUCTS_DIR)/Lab1.app/Lab1";
			};
			name = Release;
		};
		23DE53BB224AC2E300250334 /* Debug */ = {
			isa = XCBuildConfiguration;
			buildSettings = {
				ALWAYS_EMBED_SWIFT_STANDARD_LIBRARIES = YES;
				CODE_SIGN_STYLE = Automatic;
				INFOPLIST_FILE = Lab1UITests/Info.plist;
				LD_RUNPATH_SEARCH_PATHS = (
					"$(inherited)",
					"@executable_path/Frameworks",
					"@loader_path/Frameworks",
				);
				PRODUCT_BUNDLE_IDENTIFIER = com.KhrystynaNestor.Lab1UITests;
				PRODUCT_NAME = "$(TARGET_NAME)";
				SWIFT_VERSION = 4.2;
				TARGETED_DEVICE_FAMILY = "1,2";
				TEST_TARGET_NAME = Lab1;
			};
			name = Debug;
		};
		23DE53BC224AC2E300250334 /* Release */ = {
			isa = XCBuildConfiguration;
			buildSettings = {
				ALWAYS_EMBED_SWIFT_STANDARD_LIBRARIES = YES;
				CODE_SIGN_STYLE = Automatic;
				INFOPLIST_FILE = Lab1UITests/Info.plist;
				LD_RUNPATH_SEARCH_PATHS = (
					"$(inherited)",
					"@executable_path/Frameworks",
					"@loader_path/Frameworks",
				);
				PRODUCT_BUNDLE_IDENTIFIER = com.KhrystynaNestor.Lab1UITests;
				PRODUCT_NAME = "$(TARGET_NAME)";
				SWIFT_VERSION = 4.2;
				TARGETED_DEVICE_FAMILY = "1,2";
				TEST_TARGET_NAME = Lab1;
			};
			name = Release;
		};
/* End XCBuildConfiguration section */

/* Begin XCConfigurationList section */
		23DE5384224AC2E100250334 /* Build configuration list for PBXProject "Lab1" */ = {
			isa = XCConfigurationList;
			buildConfigurations = (
				23DE53B2224AC2E200250334 /* Debug */,
				23DE53B3224AC2E200250334 /* Release */,
			);
			defaultConfigurationIsVisible = 0;
			defaultConfigurationName = Release;
		};
		23DE53B4224AC2E300250334 /* Build configuration list for PBXNativeTarget "Lab1" */ = {
			isa = XCConfigurationList;
			buildConfigurations = (
				23DE53B5224AC2E300250334 /* Debug */,
				23DE53B6224AC2E300250334 /* Release */,
			);
			defaultConfigurationIsVisible = 0;
			defaultConfigurationName = Release;
		};
		23DE53B7224AC2E300250334 /* Build configuration list for PBXNativeTarget "Lab1Tests" */ = {
			isa = XCConfigurationList;
			buildConfigurations = (
				23DE53B8224AC2E300250334 /* Debug */,
				23DE53B9224AC2E300250334 /* Release */,
			);
			defaultConfigurationIsVisible = 0;
			defaultConfigurationName = Release;
		};
		23DE53BA224AC2E300250334 /* Build configuration list for PBXNativeTarget "Lab1UITests" */ = {
			isa = XCConfigurationList;
			buildConfigurations = (
				23DE53BB224AC2E300250334 /* Debug */,
				23DE53BC224AC2E300250334 /* Release */,
			);
			defaultConfigurationIsVisible = 0;
			defaultConfigurationName = Release;
		};
/* End XCConfigurationList section */
	};
	rootObject = 23DE5381224AC2E100250334 /* Project object */;
}
